
Microsoft Visual Studio Solution File, Format Version 12.00
# Visual Studio Version 16
VisualStudioVersion = 25.0.1704.2
MinimumVisualStudioVersion = 10.0.40219.1
Project("{FAE04EC0-301F-11D3-BF4B-00C04F79EFBC}") = "Homework-6.1", "Homework-6.1\Homework-6.1.csproj", "{A7A5CC9E-5C7C-434D-887B-663309C09F2B}"
EndProject
Project("{FAE04EC0-301F-11D3-BF4B-00C04F79EFBC}") = "Homework-6.2", "Homework-6.2\Homework-6.2.csproj", "{C582CC02-E978-4DEF-B565-8D7B7A460824}"
EndProject
Project("{FAE04EC0-301F-11D3-BF4B-00C04F79EFBC}") = "Homework-6.3", "Homework-6.3\Homework-6.3.csproj", "{7D7C7E19-5191-4268-9271-C78167A32AAA}"
EndProject
Project("{FAE04EC0-301F-11D3-BF4B-00C04F79EFBC}") = "Homework-6.4", "Homework-6.4\Homework-6.4.csproj", "{1D775715-61B7-4F4D-BCB3-BCA068A1AF69}"
EndProject
Project("{FAE04EC0-301F-11D3-BF4B-00C04F79EFBC}") = "Homework-6.5", "Homework-6.5\Homework-6.5.csproj", "{F6966229-9F86-4314-BB90-ECA75ADD141B}"
EndProject
Project("{FAE04EC0-301F-11D3-BF4B-00C04F79EFBC}") = "Homework-6.6", "Homework-6.6\Homework-6.6.csproj", "{026D0896-25AF-4F7C-9DFD-0CEF112FEEAA}"
EndProject
Project("{FAE04EC0-301F-11D3-BF4B-00C04F79EFBC}") = "Homework-6.8", "Homework-6.7\Homework-6.8.csproj", "{4C76005D-341B-45F8-A6C1-3660AA50914D}"
EndProject
Project("{FAE04EC0-301F-11D3-BF4B-00C04F79EFBC}") = "Homework-6.7", "Homework-6.8\Homework-6.7.csproj", "{558B993E-FB1F-4CB8-8618-0119AE9F34D5}"
EndProject
Project("{FAE04EC0-301F-11D3-BF4B-00C04F79EFBC}") = "Homework-6.9", "Homework-6.9\Homework-6.9.csproj", "{51B3A770-C182-4D5E-80CF-A346B18B8908}"
EndProject
Project("{FAE04EC0-301F-11D3-BF4B-00C04F79EFBC}") = "Homework-7.1", "Homework-7.1\Homework-7.1.csproj", "{54B23E91-D2A5-4E80-8720-9267553E9965}"
EndProject
Global
	GlobalSection(SolutionConfigurationPlatforms) = preSolution
		Debug|Any CPU = Debug|Any CPU
		Release|Any CPU = Release|Any CPU
	EndGlobalSection
	GlobalSection(ProjectConfigurationPlatforms) = postSolution
		{A7A5CC9E-5C7C-434D-887B-663309C09F2B}.Debug|Any CPU.ActiveCfg = Debug|Any CPU
		{A7A5CC9E-5C7C-434D-887B-663309C09F2B}.Debug|Any CPU.Build.0 = Debug|Any CPU
		{A7A5CC9E-5C7C-434D-887B-663309C09F2B}.Release|Any CPU.ActiveCfg = Release|Any CPU
		{A7A5CC9E-5C7C-434D-887B-663309C09F2B}.Release|Any CPU.Build.0 = Release|Any CPU
		{C582CC02-E978-4DEF-B565-8D7B7A460824}.Debug|Any CPU.ActiveCfg = Debug|Any CPU
		{C582CC02-E978-4DEF-B565-8D7B7A460824}.Debug|Any CPU.Build.0 = Debug|Any CPU
		{C582CC02-E978-4DEF-B565-8D7B7A460824}.Release|Any CPU.ActiveCfg = Release|Any CPU
		{C582CC02-E978-4DEF-B565-8D7B7A460824}.Release|Any CPU.Build.0 = Release|Any CPU
		{7D7C7E19-5191-4268-9271-C78167A32AAA}.Debug|Any CPU.ActiveCfg = Debug|Any CPU
		{7D7C7E19-5191-4268-9271-C78167A32AAA}.Debug|Any CPU.Build.0 = Debug|Any CPU
		{7D7C7E19-5191-4268-9271-C78167A32AAA}.Release|Any CPU.ActiveCfg = Release|Any CPU
		{7D7C7E19-5191-4268-9271-C78167A32AAA}.Release|Any CPU.Build.0 = Release|Any CPU
		{1D775715-61B7-4F4D-BCB3-BCA068A1AF69}.Debug|Any CPU.ActiveCfg = Debug|Any CPU
		{1D775715-61B7-4F4D-BCB3-BCA068A1AF69}.Debug|Any CPU.Build.0 = Debug|Any CPU
		{1D775715-61B7-4F4D-BCB3-BCA068A1AF69}.Release|Any CPU.ActiveCfg = Release|Any CPU
		{1D775715-61B7-4F4D-BCB3-BCA068A1AF69}.Release|Any CPU.Build.0 = Release|Any CPU
		{F6966229-9F86-4314-BB90-ECA75ADD141B}.Debug|Any CPU.ActiveCfg = Debug|Any CPU
		{F6966229-9F86-4314-BB90-ECA75ADD141B}.Debug|Any CPU.Build.0 = Debug|Any CPU
		{F6966229-9F86-4314-BB90-ECA75ADD141B}.Release|Any CPU.ActiveCfg = Release|Any CPU
		{F6966229-9F86-4314-BB90-ECA75ADD141B}.Release|Any CPU.Build.0 = Release|Any CPU
		{026D0896-25AF-4F7C-9DFD-0CEF112FEEAA}.Debug|Any CPU.ActiveCfg = Debug|Any CPU
		{026D0896-25AF-4F7C-9DFD-0CEF112FEEAA}.Debug|Any CPU.Build.0 = Debug|Any CPU
		{026D0896-25AF-4F7C-9DFD-0CEF112FEEAA}.Release|Any CPU.ActiveCfg = Release|Any CPU
		{026D0896-25AF-4F7C-9DFD-0CEF112FEEAA}.Release|Any CPU.Build.0 = Release|Any CPU
		{4C76005D-341B-45F8-A6C1-3660AA50914D}.Debug|Any CPU.ActiveCfg = Debug|Any CPU
		{4C76005D-341B-45F8-A6C1-3660AA50914D}.Debug|Any CPU.Build.0 = Debug|Any CPU
		{4C76005D-341B-45F8-A6C1-3660AA50914D}.Release|Any CPU.ActiveCfg = Release|Any CPU
		{4C76005D-341B-45F8-A6C1-3660AA50914D}.Release|Any CPU.Build.0 = Release|Any CPU
		{558B993E-FB1F-4CB8-8618-0119AE9F34D5}.Debug|Any CPU.ActiveCfg = Debug|Any CPU
		{558B993E-FB1F-4CB8-8618-0119AE9F34D5}.Debug|Any CPU.Build.0 = Debug|Any CPU
		{558B993E-FB1F-4CB8-8618-0119AE9F34D5}.Release|Any CPU.ActiveCfg = Release|Any CPU
		{558B993E-FB1F-4CB8-8618-0119AE9F34D5}.Release|Any CPU.Build.0 = Release|Any CPU
		{51B3A770-C182-4D5E-80CF-A346B18B8908}.Debug|Any CPU.ActiveCfg = Debug|Any CPU
		{51B3A770-C182-4D5E-80CF-A346B18B8908}.Debug|Any CPU.Build.0 = Debug|Any CPU
		{51B3A770-C182-4D5E-80CF-A346B18B8908}.Release|Any CPU.ActiveCfg = Release|Any CPU
		{51B3A770-C182-4D5E-80CF-A346B18B8908}.Release|Any CPU.Build.0 = Release|Any CPU
		{54B23E91-D2A5-4E80-8720-9267553E9965}.Debug|Any CPU.ActiveCfg = Debug|Any CPU
		{54B23E91-D2A5-4E80-8720-9267553E9965}.Debug|Any CPU.Build.0 = Debug|Any CPU
		{54B23E91-D2A5-4E80-8720-9267553E9965}.Release|Any CPU.ActiveCfg = Release|Any CPU
		{54B23E91-D2A5-4E80-8720-9267553E9965}.Release|Any CPU.Build.0 = Release|Any CPU
	EndGlobalSection
	GlobalSection(SolutionProperties) = preSolution
		HideSolutionNode = FALSE
	EndGlobalSection
	GlobalSection(ExtensibilityGlobals) = postSolution
		SolutionGuid = {2B7F2962-97D8-47D2-8637-8375E5C1E3F3}
	EndGlobalSection
EndGlobal
